
Microsoft Visual Studio Solution File, Format Version 12.00
# Visual Studio Version 17
VisualStudioVersion = 17.5.33530.505
MinimumVisualStudioVersion = 10.0.40219.1
Project("{FAE04EC0-301F-11D3-BF4B-00C04F79EFBC}") = "LearnLanguage", "LearnLanguage\LearnLanguage.csproj", "{92B3A296-17B0-4EC9-B4B9-3E97ED8172AE}"
EndProject
Global
	GlobalSection(SolutionConfigurationPlatforms) = preSolution
		Debug|Any CPU = Debug|Any CPU
		Release|Any CPU = Release|Any CPU
	EndGlobalSection
	GlobalSection(ProjectConfigurationPlatforms) = postSolution
		{92B3A296-17B0-4EC9-B4B9-3E97ED8172AE}.Debug|Any CPU.ActiveCfg = Debug|Any CPU
		{92B3A296-17B0-4EC9-B4B9-3E97ED8172AE}.Debug|Any CPU.Build.0 = Debug|Any CPU
		{92B3A296-17B0-4EC9-B4B9-3E97ED8172AE}.Release|Any CPU.ActiveCfg = Release|Any CPU
		{92B3A296-17B0-4EC9-B4B9-3E97ED8172AE}.Release|Any CPU.Build.0 = Release|Any CPU
	EndGlobalSection
	GlobalSection(SolutionProperties) = preSolution
		HideSolutionNode = FALSE
	EndGlobalSection
	GlobalSection(ExtensibilityGlobals) = postSolution
		SolutionGuid = {5B3D03B7-1C37-4FAF-B4B9-734E98A37573}
	EndGlobalSection
EndGlobal
